PODS:
  - ESTabBarController-swift (2.8.0)
  - FDFullscreenPopGesture (1.1)
  - JKSwiftExtension (2.0.2)
  - Kingfisher (7.1.2)
  - MJRefresh (3.7.5)
  - SnapKit (5.0.1)

DEPENDENCIES:
  - ESTabBarController-swift
  - FDFullscreenPopGesture
  - JKSwiftExtension
  - Kingfisher
  - MJRefresh
  - SnapKit

SPEC REPOS:
  trunk:
    - ESTabBarController-swift
    - FDFullscreenPopGesture
    - JKSwiftExtension
    - Kingfisher
    - MJRefresh
    - SnapKit

SPEC CHECKSUMS:
  ESTabBarController-swift: 05593a6ad64700b03c0eb60ff625916370aa4136
  FDFullscreenPopGesture: a8a620179e3d9c40e8e00256dcee1c1a27c6d0f0
  JKSwiftExtension: bf92c1dfd68c4d02313796f6ac857f8d62572e4a
  Kingfisher: 44ed6a8504763f27bab46163adfac83f5deb240c
  MJRefresh: fdf5e979eb406a0341468932d1dfc8b7f9fce961
  SnapKit: 97b92857e3df3a0c71833cce143274bf6ef8e5eb

PODFILE CHECKSUM: 8f381e6c746d8426aad181d064c961f01943d88c

COCOAPODS: 1.11.2
