// !$*UTF8*$!
{
	archiveVersion = 1;
	classes = {
	};
	objectVersion = 55;
	objects = {

/* Begin PBXBuildFile section */
		3B1DCDC327B4BDC5007999DF /* AppDelegate.swift in Sources */ = {isa = PBXBuildFile; fileRef = 3B1DCDC227B4BDC5007999DF /* AppDelegate.swift */; };
		3B1DCDC527B4BDC5007999DF /* SceneDelegate.swift in Sources */ = {isa = PBXBuildFile; fileRef = 3B1DCDC427B4BDC5007999DF /* SceneDelegate.swift */; };
		3B1DCDC727B4BDC5007999DF /* ViewController.swift in Sources */ = {isa = PBXBuildFile; fileRef = 3B1DCDC627B4BDC5007999DF /* ViewController.swift */; };
		3B1DCDCA27B4BDC5007999DF /* Main.storyboard in Resources */ = {isa = PBXBuildFile; fileRef = 3B1DCDC827B4BDC5007999DF /* Main.storyboard */; };
		3B1DCDCC27B4BDC6007999DF /* Assets.xcassets in Resources */ = {isa = PBXBuildFile; fileRef = 3B1DCDCB27B4BDC6007999DF /* Assets.xcassets */; };
		3B1DCDCF27B4BDC6007999DF /* LaunchScreen.storyboard in Resources */ = {isa = PBXBuildFile; fileRef = 3B1DCDCD27B4BDC6007999DF /* LaunchScreen.storyboard */; };
		3B1DCDE727B4E04D007999DF /* TabBarViewController.swift in Sources */ = {isa = PBXBuildFile; fileRef = 3B1DCDE627B4E04D007999DF /* TabBarViewController.swift */; };
		3B1DCDE927B4E60F007999DF /* HomeViewController.swift in Sources */ = {isa = PBXBuildFile; fileRef = 3B1DCDE827B4E60F007999DF /* HomeViewController.swift */; };
		3B1DCDEB27B4E6E1007999DF /* ExampleNavigationController.swift in Sources */ = {isa = PBXBuildFile; fileRef = 3B1DCDEA27B4E6E1007999DF /* ExampleNavigationController.swift */; };
		FC3669B412AEC64092028C64 /* Pods_Live.framework in Frameworks */ = {isa = PBXBuildFile; fileRef = 64AF2B7EEEA046A5696367A5 /* Pods_Live.framework */; };
/* End PBXBuildFile section */

/* Begin PBXFileReference section */
		1D7FA4785366BE6DBCCC167C /* Pods-Live.release.xcconfig */ = {isa = PBXFileReference; includeInIndex = 1; lastKnownFileType = text.xcconfig; name = "Pods-Live.release.xcconfig"; path = "Target Support Files/Pods-Live/Pods-Live.release.xcconfig"; sourceTree = "<group>"; };
		2E1DC99AFBC6AC9F6FDBE682 /* Pods-Live.debug.xcconfig */ = {isa = PBXFileReference; includeInIndex = 1; lastKnownFileType = text.xcconfig; name = "Pods-Live.debug.xcconfig"; path = "Target Support Files/Pods-Live/Pods-Live.debug.xcconfig"; sourceTree = "<group>"; };
		3B1DCDBF27B4BDC5007999DF /* Live.app */ = {isa = PBXFileReference; explicitFileType = wrapper.application; includeInIndex = 0; path = Live.app; sourceTree = BUILT_PRODUCTS_DIR; };
		3B1DCDC227B4BDC5007999DF /* AppDelegate.swift */ = {isa = PBXFileReference; lastKnownFileType = sourcecode.swift; path = AppDelegate.swift; sourceTree = "<group>"; };
		3B1DCDC427B4BDC5007999DF /* SceneDelegate.swift */ = {isa = PBXFileReference; lastKnownFileType = sourcecode.swift; path = SceneDelegate.swift; sourceTree = "<group>"; };
		3B1DCDC627B4BDC5007999DF /* ViewController.swift */ = {isa = PBXFileReference; lastKnownFileType = sourcecode.swift; path = ViewController.swift; sourceTree = "<group>"; };
		3B1DCDC927B4BDC5007999DF /* Base */ = {isa = PBXFileReference; lastKnownFileType = file.storyboard; name = Base; path = Base.lproj/Main.storyboard; sourceTree = "<group>"; };
		3B1DCDCB27B4BDC6007999DF /* Assets.xcassets */ = {isa = PBXFileReference; lastKnownFileType = folder.assetcatalog; path = Assets.xcassets; sourceTree = "<group>"; };
		3B1DCDCE27B4BDC6007999DF /* Base */ = {isa = PBXFileReference; lastKnownFileType = file.storyboard; name = Base; path = Base.lproj/LaunchScreen.storyboard; sourceTree = "<group>"; };
		3B1DCDD027B4BDC6007999DF /* Info.plist */ = {isa = PBXFileReference; lastKnownFileType = text.plist.xml; path = Info.plist; sourceTree = "<group>"; };
		3B1DCDE627B4E04D007999DF /* TabBarViewController.swift */ = {isa = PBXFileReference; lastKnownFileType = sourcecode.swift; path = TabBarViewController.swift; sourceTree = "<group>"; };
		3B1DCDE827B4E60F007999DF /* HomeViewController.swift */ = {isa = PBXFileReference; lastKnownFileType = sourcecode.swift; path = HomeViewController.swift; sourceTree = "<group>"; };
		3B1DCDEA27B4E6E1007999DF /* ExampleNavigationController.swift */ = {isa = PBXFileReference; fileEncoding = 4; lastKnownFileType = sourcecode.swift; path = ExampleNavigationController.swift; sourceTree = "<group>"; };
		64AF2B7EEEA046A5696367A5 /* Pods_Live.framework */ = {isa = PBXFileReference; explicitFileType = wrapper.framework; includeInIndex = 0; path = Pods_Live.framework; sourceTree = BUILT_PRODUCTS_DIR; };
/* End PBXFileReference section */

/* Begin PBXFrameworksBuildPhase section */
		3B1DCDBC27B4BDC5007999DF /* Frameworks */ = {
			isa = PBXFrameworksBuildPhase;
			buildActionMask = 2147483647;
			files = (
				FC3669B412AEC64092028C64 /* Pods_Live.framework in Frameworks */,
			);
			runOnlyForDeploymentPostprocessing = 0;
		};
/* End PBXFrameworksBuildPhase section */

/* Begin PBXGroup section */
		3B1DCDB627B4BDC5007999DF = {
			isa = PBXGroup;
			children = (
				3B1DCDC127B4BDC5007999DF /* Live */,
				3B1DCDC027B4BDC5007999DF /* Products */,
				8C4A345D7AB22E5D07D5069A /* Pods */,
				40B61CC60979D3B350CB93E2 /* Frameworks */,
			);
			sourceTree = "<group>";
		};
		3B1DCDC027B4BDC5007999DF /* Products */ = {
			isa = PBXGroup;
			children = (
				3B1DCDBF27B4BDC5007999DF /* Live.app */,
			);
			name = Products;
			sourceTree = "<group>";
		};
		3B1DCDC127B4BDC5007999DF /* Live */ = {
			isa = PBXGroup;
			children = (
				3B1DCDD827B4DBD8007999DF /* Classes */,
				3B1DCDC427B4BDC5007999DF /* SceneDelegate.swift */,
				3B1DCDC627B4BDC5007999DF /* ViewController.swift */,
				3B1DCDD627B4DB17007999DF /* Rescoure */,
			);
			path = Live;
			sourceTree = "<group>";
		};
		3B1DCDD627B4DB17007999DF /* Rescoure */ = {
			isa = PBXGroup;
			children = (
				3B1DCDC827B4BDC5007999DF /* Main.storyboard */,
				3B1DCDCB27B4BDC6007999DF /* Assets.xcassets */,
				3B1DCDCD27B4BDC6007999DF /* LaunchScreen.storyboard */,
				3B1DCDD027B4BDC6007999DF /* Info.plist */,
			);
			path = Rescoure;
			sourceTree = "<group>";
		};
		3B1DCDD827B4DBD8007999DF /* Classes */ = {
			isa = PBXGroup;
			children = (
				3B1DCDDB27B4DBF1007999DF /* Main */,
				3B1DCDDE27B4DCBA007999DF /* Section */,
				3B1DCDDD27B4DC60007999DF /* External */,
			);
			path = Classes;
			sourceTree = "<group>";
		};
		3B1DCDD927B4DBE2007999DF /* Login */ = {
			isa = PBXGroup;
			children = (
			);
			path = Login;
			sourceTree = "<group>";
		};
		3B1DCDDA27B4DBEA007999DF /* Home */ = {
			isa = PBXGroup;
			children = (
				3B1DCDE827B4E60F007999DF /* HomeViewController.swift */,
			);
			path = Home;
			sourceTree = "<group>";
		};
		3B1DCDDB27B4DBF1007999DF /* Main */ = {
			isa = PBXGroup;
			children = (
				3B1DCDC227B4BDC5007999DF /* AppDelegate.swift */,
				3B1DCDE227B4DE4E007999DF /* Define */,
				3B1DCDE127B4DE2E007999DF /* Tool */,
				3B1DCDDC27B4DC4A007999DF /* Network */,
			);
			path = Main;
			sourceTree = "<group>";
		};
		3B1DCDDC27B4DC4A007999DF /* Network */ = {
			isa = PBXGroup;
			children = (
			);
			path = Network;
			sourceTree = "<group>";
		};
		3B1DCDDD27B4DC60007999DF /* External */ = {
			isa = PBXGroup;
			children = (
				3B1DCDE027B4DD4A007999DF /* Lib */,
				3B1DCDDF27B4DD3F007999DF /* Vendor */,
			);
			path = External;
			sourceTree = "<group>";
		};
		3B1DCDDE27B4DCBA007999DF /* Section */ = {
			isa = PBXGroup;
			children = (
				3B1DCDDA27B4DBEA007999DF /* Home */,
				3B1DCDD927B4DBE2007999DF /* Login */,
			);
			path = Section;
			sourceTree = "<group>";
		};
		3B1DCDDF27B4DD3F007999DF /* Vendor */ = {
			isa = PBXGroup;
			children = (
			);
			path = Vendor;
			sourceTree = "<group>";
		};
		3B1DCDE027B4DD4A007999DF /* Lib */ = {
			isa = PBXGroup;
			children = (
			);
			path = Lib;
			sourceTree = "<group>";
		};
		3B1DCDE127B4DE2E007999DF /* Tool */ = {
			isa = PBXGroup;
			children = (
				3B1DCDE527B4DE7F007999DF /* Base */,
				3B1DCDE427B4DE75007999DF /* Category */,
				3B1DCDE327B4DE66007999DF /* Extension */,
			);
			path = Tool;
			sourceTree = "<group>";
		};
		3B1DCDE227B4DE4E007999DF /* Define */ = {
			isa = PBXGroup;
			children = (
			);
			path = Define;
			sourceTree = "<group>";
		};
		3B1DCDE327B4DE66007999DF /* Extension */ = {
			isa = PBXGroup;
			children = (
			);
			path = Extension;
			sourceTree = "<group>";
		};
		3B1DCDE427B4DE75007999DF /* Category */ = {
			isa = PBXGroup;
			children = (
			);
			path = Category;
			sourceTree = "<group>";
		};
		3B1DCDE527B4DE7F007999DF /* Base */ = {
			isa = PBXGroup;
			children = (
				3B1DCDE627B4E04D007999DF /* TabBarViewController.swift */,
				3B1DCDEA27B4E6E1007999DF /* ExampleNavigationController.swift */,
			);
			path = Base;
			sourceTree = "<group>";
		};
		40B61CC60979D3B350CB93E2 /* Frameworks */ = {
			isa = PBXGroup;
			children = (
				64AF2B7EEEA046A5696367A5 /* Pods_Live.framework */,
			);
			name = Frameworks;
			sourceTree = "<group>";
		};
		8C4A345D7AB22E5D07D5069A /* Pods */ = {
			isa = PBXGroup;
			children = (
				2E1DC99AFBC6AC9F6FDBE682 /* Pods-Live.debug.xcconfig */,
				1D7FA4785366BE6DBCCC167C /* Pods-Live.release.xcconfig */,
			);
			path = Pods;
			sourceTree = "<group>";
		};
/* End PBXGroup section */

/* Begin PBXNativeTarget section */
		3B1DCDBE27B4BDC5007999DF /* Live */ = {
			isa = PBXNativeTarget;
			buildConfigurationList = 3B1DCDD327B4BDC6007999DF /* Build configuration list for PBXNativeTarget "Live" */;
			buildPhases = (
				CB7E4538EF7BD4EE1869E38E /* [CP] Check Pods Manifest.lock */,
				3B1DCDBB27B4BDC5007999DF /* Sources */,
				3B1DCDBC27B4BDC5007999DF /* Frameworks */,
				3B1DCDBD27B4BDC5007999DF /* Resources */,
				C0DA749B74174E8D5B13461C /* [CP] Embed Pods Frameworks */,
			);
			buildRules = (
			);
			dependencies = (
			);
			name = Live;
			productName = Live;
			productReference = 3B1DCDBF27B4BDC5007999DF /* Live.app */;
			productType = "com.apple.product-type.application";
		};
/* End PBXNativeTarget section */

/* Begin PBXProject section */
		3B1DCDB727B4BDC5007999DF /* Project object */ = {
			isa = PBXProject;
			attributes = {
				BuildIndependentTargetsInParallel = 1;
				LastSwiftUpdateCheck = 1300;
				LastUpgradeCheck = 1300;
				TargetAttributes = {
					3B1DCDBE27B4BDC5007999DF = {
						CreatedOnToolsVersion = 13.0;
					};
				};
			};
			buildConfigurationList = 3B1DCDBA27B4BDC5007999DF /* Build configuration list for PBXProject "Live" */;
			compatibilityVersion = "Xcode 13.0";
			developmentRegion = en;
			hasScannedForEncodings = 0;
			knownRegions = (
				en,
				Base,
			);
			mainGroup = 3B1DCDB627B4BDC5007999DF;
			productRefGroup = 3B1DCDC027B4BDC5007999DF /* Products */;
			projectDirPath = "";
			projectRoot = "";
			targets = (
				3B1DCDBE27B4BDC5007999DF /* Live */,
			);
		};
/* End PBXProject section */

/* Begin PBXResourcesBuildPhase section */
		3B1DCDBD27B4BDC5007999DF /* Resources */ = {
			isa = PBXResourcesBuildPhase;
			buildActionMask = 2147483647;
			files = (
				3B1DCDCF27B4BDC6007999DF /* LaunchScreen.storyboard in Resources */,
				3B1DCDCC27B4BDC6007999DF /* Assets.xcassets in Resources */,
				3B1DCDCA27B4BDC5007999DF /* Main.storyboard in Resources */,
			);
			runOnlyForDeploymentPostprocessing = 0;
		};
/* End PBXResourcesBuildPhase section */

/* Begin PBXShellScriptBuildPhase section */
		C0DA749B74174E8D5B13461C /* [CP] Embed Pods Frameworks */ = {
			isa = PBXShellScriptBuildPhase;
			buildActionMask = 2147483647;
			files = (
			);
			inputFileListPaths = (
				"${PODS_ROOT}/Target Support Files/Pods-Live/Pods-Live-frameworks-${CONFIGURATION}-input-files.xcfilelist",
			);
			name = "[CP] Embed Pods Frameworks";
			outputFileListPaths = (
				"${PODS_ROOT}/Target Support Files/Pods-Live/Pods-Live-frameworks-${CONFIGURATION}-output-files.xcfilelist",
			);
			runOnlyForDeploymentPostprocessing = 0;
			shellPath = /bin/sh;
			shellScript = "\"${PODS_ROOT}/Target Support Files/Pods-Live/Pods-Live-frameworks.sh\"\n";
			showEnvVarsInLog = 0;
		};
		CB7E4538EF7BD4EE1869E38E /* [CP] Check Pods Manifest.lock */ = {
			isa = PBXShellScriptBuildPhase;
			buildActionMask = 2147483647;
			files = (
			);
			inputFileListPaths = (
			);
			inputPaths = (
				"${PODS_PODFILE_DIR_PATH}/Podfile.lock",
				"${PODS_ROOT}/Manifest.lock",
			);
			name = "[CP] Check Pods Manifest.lock";
			outputFileListPaths = (
			);
			outputPaths = (
				"$(DERIVED_FILE_DIR)/Pods-Live-checkManifestLockResult.txt",
			);
			runOnlyForDeploymentPostprocessing = 0;
			shellPath = /bin/sh;
			shellScript = "diff \"${PODS_PODFILE_DIR_PATH}/Podfile.lock\" \"${PODS_ROOT}/Manifest.lock\" > /dev/null\nif [ $? != 0 ] ; then\n    # print error to STDERR\n    echo \"error: The sandbox is not in sync with the Podfile.lock. Run 'pod install' or update your CocoaPods installation.\" >&2\n    exit 1\nfi\n# This output is used by Xcode 'outputs' to avoid re-running this script phase.\necho \"SUCCESS\" > \"${SCRIPT_OUTPUT_FILE_0}\"\n";
			showEnvVarsInLog = 0;
		};
/* End PBXShellScriptBuildPhase section */

/* Begin PBXSourcesBuildPhase section */
		3B1DCDBB27B4BDC5007999DF /* Sources */ = {
			isa = PBXSourcesBuildPhase;
			buildActionMask = 2147483647;
			files = (
				3B1DCDE927B4E60F007999DF /* HomeViewController.swift in Sources */,
				3B1DCDE727B4E04D007999DF /* TabBarViewController.swift in Sources */,
				3B1DCDC727B4BDC5007999DF /* ViewController.swift in Sources */,
				3B1DCDC327B4BDC5007999DF /* AppDelegate.swift in Sources */,
				3B1DCDEB27B4E6E1007999DF /* ExampleNavigationController.swift in Sources */,
				3B1DCDC527B4BDC5007999DF /* SceneDelegate.swift in Sources */,
			);
			runOnlyForDeploymentPostprocessing = 0;
		};
/* End PBXSourcesBuildPhase section */

/* Begin PBXVariantGroup section */
		3B1DCDC827B4BDC5007999DF /* Main.storyboard */ = {
			isa = PBXVariantGroup;
			children = (
				3B1DCDC927B4BDC5007999DF /* Base */,
			);
			name = Main.storyboard;
			sourceTree = "<group>";
		};
		3B1DCDCD27B4BDC6007999DF /* LaunchScreen.storyboard */ = {
			isa = PBXVariantGroup;
			children = (
				3B1DCDCE27B4BDC6007999DF /* Base */,
			);
			name = LaunchScreen.storyboard;
			sourceTree = "<group>";
		};
/* End PBXVariantGroup section */

/* Begin XCBuildConfiguration section */
		3B1DCDD127B4BDC6007999DF /* Debug */ = {
			isa = XCBuildConfiguration;
			buildSettings = {
				ALWAYS_SEARCH_USER_PATHS = NO;
				CLANG_ANALYZER_NONNULL = YES;
				CLANG_ANALYZER_NUMBER_OBJECT_CONVERSION = YES_AGGRESSIVE;
				CLANG_CXX_LANGUAGE_STANDARD = "gnu++17";
				CLANG_CXX_LIBRARY = "libc++";
				CLANG_ENABLE_MODULES = YES;
				CLANG_ENABLE_OBJC_ARC = YES;
				CLANG_ENABLE_OBJC_WEAK = YES;
				CLANG_WARN_BLOCK_CAPTURE_AUTORELEASING = YES;
				CLANG_WARN_BOOL_CONVERSION = YES;
				CLANG_WARN_COMMA = YES;
				CLANG_WARN_CONSTANT_CONVERSION = YES;
				CLANG_WARN_DEPRECATED_OBJC_IMPLEMENTATIONS = YES;
				CLANG_WARN_DIRECT_OBJC_ISA_USAGE = YES_ERROR;
				CLANG_WARN_DOCUMENTATION_COMMENTS = YES;
				CLANG_WARN_EMPTY_BODY = YES;
				CLANG_WARN_ENUM_CONVERSION = YES;
				CLANG_WARN_INFINITE_RECURSION = YES;
				CLANG_WARN_INT_CONVERSION = YES;
				CLANG_WARN_NON_LITERAL_NULL_CONVERSION = YES;
				CLANG_WARN_OBJC_IMPLICIT_RETAIN_SELF = YES;
				CLANG_WARN_OBJC_LITERAL_CONVERSION = YES;
				CLANG_WARN_OBJC_ROOT_CLASS = YES_ERROR;
				CLANG_WARN_QUOTED_INCLUDE_IN_FRAMEWORK_HEADER = YES;
				CLANG_WARN_RANGE_LOOP_ANALYSIS = YES;
				CLANG_WARN_STRICT_PROTOTYPES = YES;
				CLANG_WARN_SUSPICIOUS_MOVE = YES;
				CLANG_WARN_UNGUARDED_AVAILABILITY = YES_AGGRESSIVE;
				CLANG_WARN_UNREACHABLE_CODE = YES;
				CLANG_WARN__DUPLICATE_METHOD_MATCH = YES;
				COPY_PHASE_STRIP = NO;
				DEBUG_INFORMATION_FORMAT = dwarf;
				ENABLE_STRICT_OBJC_MSGSEND = YES;
				ENABLE_TESTABILITY = YES;
				GCC_C_LANGUAGE_STANDARD = gnu11;
				GCC_DYNAMIC_NO_PIC = NO;
				GCC_NO_COMMON_BLOCKS = YES;
				GCC_OPTIMIZATION_LEVEL = 0;
				GCC_PREPROCESSOR_DEFINITIONS = (
					"DEBUG=1",
					"$(inherited)",
				);
				GCC_WARN_64_TO_32_BIT_CONVERSION = YES;
				GCC_WARN_ABOUT_RETURN_TYPE = YES_ERROR;
				GCC_WARN_UNDECLARED_SELECTOR = YES;
				GCC_WARN_UNINITIALIZED_AUTOS = YES_AGGRESSIVE;
				GCC_WARN_UNUSED_FUNCTION = YES;
				GCC_WARN_UNUSED_VARIABLE = YES;
				IPHONEOS_DEPLOYMENT_TARGET = 15.0;
				MTL_ENABLE_DEBUG_INFO = INCLUDE_SOURCE;
				MTL_FAST_MATH = YES;
				ONLY_ACTIVE_ARCH = YES;
				SDKROOT = iphoneos;
				SWIFT_ACTIVE_COMPILATION_CONDITIONS = DEBUG;
				SWIFT_OPTIMIZATION_LEVEL = "-Onone";
			};
			name = Debug;
		};
		3B1DCDD227B4BDC6007999DF /* Release */ = {
			isa = XCBuildConfiguration;
			buildSettings = {
				ALWAYS_SEARCH_USER_PATHS = NO;
				CLANG_ANALYZER_NONNULL = YES;
				CLANG_ANALYZER_NUMBER_OBJECT_CONVERSION = YES_AGGRESSIVE;
				CLANG_CXX_LANGUAGE_STANDARD = "gnu++17";
				CLANG_CXX_LIBRARY = "libc++";
				CLANG_ENABLE_MODULES = YES;
				CLANG_ENABLE_OBJC_ARC = YES;
				CLANG_ENABLE_OBJC_WEAK = YES;
				CLANG_WARN_BLOCK_CAPTURE_AUTORELEASING = YES;
				CLANG_WARN_BOOL_CONVERSION = YES;
				CLANG_WARN_COMMA = YES;
				CLANG_WARN_CONSTANT_CONVERSION = YES;
				CLANG_WARN_DEPRECATED_OBJC_IMPLEMENTATIONS = YES;
				CLANG_WARN_DIRECT_OBJC_ISA_USAGE = YES_ERROR;
				CLANG_WARN_DOCUMENTATION_COMMENTS = YES;
				CLANG_WARN_EMPTY_BODY = YES;
				CLANG_WARN_ENUM_CONVERSION = YES;
				CLANG_WARN_INFINITE_RECURSION = YES;
				CLANG_WARN_INT_CONVERSION = YES;
				CLANG_WARN_NON_LITERAL_NULL_CONVERSION = YES;
				CLANG_WARN_OBJC_IMPLICIT_RETAIN_SELF = YES;
				CLANG_WARN_OBJC_LITERAL_CONVERSION = YES;
				CLANG_WARN_OBJC_ROOT_CLASS = YES_ERROR;
				CLANG_WARN_QUOTED_INCLUDE_IN_FRAMEWORK_HEADER = YES;
				CLANG_WARN_RANGE_LOOP_ANALYSIS = YES;
				CLANG_WARN_STRICT_PROTOTYPES = YES;
				CLANG_WARN_SUSPICIOUS_MOVE = YES;
				CLANG_WARN_UNGUARDED_AVAILABILITY = YES_AGGRESSIVE;
				CLANG_WARN_UNREACHABLE_CODE = YES;
				CLANG_WARN__DUPLICATE_METHOD_MATCH = YES;
				COPY_PHASE_STRIP = NO;
				DEBUG_INFORMATION_FORMAT = "dwarf-with-dsym";
				ENABLE_NS_ASSERTIONS = NO;
				ENABLE_STRICT_OBJC_MSGSEND = YES;
				GCC_C_LANGUAGE_STANDARD = gnu11;
				GCC_NO_COMMON_BLOCKS = YES;
				GCC_WARN_64_TO_32_BIT_CONVERSION = YES;
				GCC_WARN_ABOUT_RETURN_TYPE = YES_ERROR;
				GCC_WARN_UNDECLARED_SELECTOR = YES;
				GCC_WARN_UNINITIALIZED_AUTOS = YES_AGGRESSIVE;
				GCC_WARN_UNUSED_FUNCTION = YES;
				GCC_WARN_UNUSED_VARIABLE = YES;
				IPHONEOS_DEPLOYMENT_TARGET = 15.0;
				MTL_ENABLE_DEBUG_INFO = NO;
				MTL_FAST_MATH = YES;
				SDKROOT = iphoneos;
				SWIFT_COMPILATION_MODE = wholemodule;
				SWIFT_OPTIMIZATION_LEVEL = "-O";
				VALIDATE_PRODUCT = YES;
			};
			name = Release;
		};
		3B1DCDD427B4BDC6007999DF /* Debug */ = {
			isa = XCBuildConfiguration;
			baseConfigurationReference = 2E1DC99AFBC6AC9F6FDBE682 /* Pods-Live.debug.xcconfig */;
			buildSettings = {
				ASSETCATALOG_COMPILER_APPICON_NAME = AppIcon;
				ASSETCATALOG_COMPILER_GLOBAL_ACCENT_COLOR_NAME = AccentColor;
				CODE_SIGN_STYLE = Automatic;
				CURRENT_PROJECT_VERSION = 1;
				DEVELOPMENT_TEAM = ALK2RYKYVK;
				GENERATE_INFOPLIST_FILE = YES;
				INFOPLIST_FILE = Live/Rescoure/Info.plist;
				INFOPLIST_KEY_UIApplicationSupportsIndirectInputEvents = YES;
				INFOPLIST_KEY_UILaunchStoryboardName = LaunchScreen;
				INFOPLIST_KEY_UIMainStoryboardFile = Main;
				INFOPLIST_KEY_UISupportedInterfaceOrientations_iPad = "UIInterfaceOrientationPortrait UIInterfaceOrientationPortraitUpsideDown UIInterfaceOrientationLandscapeLeft UIInterfaceOrientationLandscapeRight";
				INFOPLIST_KEY_UISupportedInterfaceOrientations_iPhone = "UIInterfaceOrientationPortrait UIInterfaceOrientationLandscapeLeft UIInterfaceOrientationLandscapeRight";
				LD_RUNPATH_SEARCH_PATHS = (
					"$(inherited)",
					"@executable_path/Frameworks",
				);
				MARKETING_VERSION = 1.0;
				PRODUCT_BUNDLE_IDENTIFIER = com.gaos.com.Live;
				PRODUCT_NAME = "$(TARGET_NAME)";
				SWIFT_EMIT_LOC_STRINGS = YES;
				SWIFT_VERSION = 5.0;
				TARGETED_DEVICE_FAMILY = "1,2";
			};
			name = Debug;
		};
		3B1DCDD527B4BDC6007999DF /* Release */ = {
			isa = XCBuildConfiguration;
			baseConfigurationReference = 1D7FA4785366BE6DBCCC167C /* Pods-Live.release.xcconfig */;
			buildSettings = {
				ASSETCATALOG_COMPILER_APPICON_NAME = AppIcon;
				ASSETCATALOG_COMPILER_GLOBAL_ACCENT_COLOR_NAME = AccentColor;
				CODE_SIGN_STYLE = Automatic;
				CURRENT_PROJECT_VERSION = 1;
				DEVELOPMENT_TEAM = ALK2RYKYVK;
				GENERATE_INFOPLIST_FILE = YES;
				INFOPLIST_FILE = Live/Rescoure/Info.plist;
				INFOPLIST_KEY_UIApplicationSupportsIndirectInputEvents = YES;
				INFOPLIST_KEY_UILaunchStoryboardName = LaunchScreen;
				INFOPLIST_KEY_UIMainStoryboardFile = Main;
				INFOPLIST_KEY_UISupportedInterfaceOrientations_iPad = "UIInterfaceOrientationPortrait UIInterfaceOrientationPortraitUpsideDown UIInterfaceOrientationLandscapeLeft UIInterfaceOrientationLandscapeRight";
				INFOPLIST_KEY_UISupportedInterfaceOrientations_iPhone = "UIInterfaceOrientationPortrait UIInterfaceOrientationLandscapeLeft UIInterfaceOrientationLandscapeRight";
				LD_RUNPATH_SEARCH_PATHS = (
					"$(inherited)",
					"@executable_path/Frameworks",
				);
				MARKETING_VERSION = 1.0;
				PRODUCT_BUNDLE_IDENTIFIER = com.gaos.com.Live;
				PRODUCT_NAME = "$(TARGET_NAME)";
				SWIFT_EMIT_LOC_STRINGS = YES;
				SWIFT_VERSION = 5.0;
				TARGETED_DEVICE_FAMILY = "1,2";
			};
			name = Release;
		};
/* End XCBuildConfiguration section */

/* Begin XCConfigurationList section */
		3B1DCDBA27B4BDC5007999DF /* Build configuration list for PBXProject "Live" */ = {
			isa = XCConfigurationList;
			buildConfigurations = (
				3B1DCDD127B4BDC6007999DF /* Debug */,
				3B1DCDD227B4BDC6007999DF /* Release */,
			);
			defaultConfigurationIsVisible = 0;
			defaultConfigurationName = Release;
		};
		3B1DCDD327B4BDC6007999DF /* Build configuration list for PBXNativeTarget "Live" */ = {
			isa = XCConfigurationList;
			buildConfigurations = (
				3B1DCDD427B4BDC6007999DF /* Debug */,
				3B1DCDD527B4BDC6007999DF /* Release */,
			);
			defaultConfigurationIsVisible = 0;
			defaultConfigurationName = Release;
		};
/* End XCConfigurationList section */
	};
	rootObject = 3B1DCDB727B4BDC5007999DF /* Project object */;
}
